
Microsoft Visual Studio Solution File, Format Version 12.00
# Visual Studio Version 17
VisualStudioVersion = 17.0.31903.59
MinimumVisualStudioVersion = 10.0.40219.1
Project("{F2A71F9B-5D33-465A-A702-920D77279786}") = "functions", "functions\functions.fsproj", "{E9EF8B20-DF10-4184-AF53-F762CF1C37A5}"
EndProject
Project("{F2A71F9B-5D33-465A-A702-920D77279786}") = "async", "async\async.fsproj", "{1ADC6974-7AB3-4225-8F0C-91CEB6F81376}"
EndProject
Project("{F2A71F9B-5D33-465A-A702-920D77279786}") = "control-flow", "control-flow\control-flow.fsproj", "{1D4A2906-E559-46C8-A42D-556EBB209699}"
EndProject
Project("{F2A71F9B-5D33-465A-A702-920D77279786}") = "values", "values\values.fsproj", "{AE3BD96E-EBDB-4E3A-BA92-3D88CC916139}"
EndProject
Project("{F2A71F9B-5D33-465A-A702-920D77279786}") = "code-organization", "code-organization\code-organization.fsproj", "{AD2C1A6E-90A7-46A5-92FE-A54C115DE457}"
EndProject
Project("{F2A71F9B-5D33-465A-A702-920D77279786}") = "object-programming", "object-programming\object-programming.fsproj", "{70DDB044-F801-4FE7-8F7B-83B516F2EC77}"
EndProject
Project("{F2A71F9B-5D33-465A-A702-920D77279786}") = "collections", "collections\collections.fsproj", "{9CBD1E96-19FB-4347-8DDE-D6B301D3BAE3}"
EndProject
Project("{F2A71F9B-5D33-465A-A702-920D77279786}") = "fsharp-interactive", "fsharp-interactive\fsharp-interactive.fsproj", "{0B43743F-A1A0-4E3F-B884-CC06DF84E8C0}"
EndProject
Project("{F2A71F9B-5D33-465A-A702-920D77279786}") = "representing-data", "representing-data\representing-data.fsproj", "{39DBD73C-C9FE-4A7C-B639-14CD04FFAD61}"
EndProject
Project("{F2A71F9B-5D33-465A-A702-920D77279786}") = "SimpleLib", "unit-testing\SimpleLib\SimpleLib.fsproj", "{6618AEBF-3FF2-48C8-9D7E-850BE093D798}"
EndProject
Project("{F2A71F9B-5D33-465A-A702-920D77279786}") = "SimpleLibxUnitTests", "unit-testing\SimpleLibxUnitTests\SimpleLibxUnitTests.fsproj", "{DFC9B9AF-F0A2-4E6D-8ED0-585EF06A359C}"
EndProject
Project("{2150E333-8FDC-42A3-9474-1A3956D46DE8}") = "unit-testing", "unit-testing", "{596C6B3F-BD45-47C5-9CA0-F762F10FC5AE}"
EndProject
Project("{F2A71F9B-5D33-465A-A702-920D77279786}") = "SimpleLibNUnitTests", "unit-testing\SimpleLibNUnitTests\SimpleLibNUnitTests.fsproj", "{A88239D3-F0A0-4598-8DE5-BDD87CEE1A3B}"
EndProject
Project("{F2A71F9B-5D33-465A-A702-920D77279786}") = "SimpleLibFsUnit", "unit-testing\SimpleLibFsUnit\SimpleLibFsUnit.fsproj", "{3192D131-CEE2-41CD-9DDA-84B58020D9CB}"
EndProject
Project("{F2A71F9B-5D33-465A-A702-920D77279786}") = "SimpleLibFsCheck", "unit-testing\SimpleLibFsCheck\SimpleLibFsCheck.fsproj", "{F5381C4E-E969-418B-BE8C-7CCB1FA56637}"
EndProject
Project("{F2A71F9B-5D33-465A-A702-920D77279786}") = "SimpleLibUnquote", "unit-testing\SimpleLibUnquote\SimpleLibUnquote.fsproj", "{7223BBCB-E878-425B-80E4-C980DD492433}"
EndProject
Global
	GlobalSection(SolutionConfigurationPlatforms) = preSolution
		Debug|Any CPU = Debug|Any CPU
		Release|Any CPU = Release|Any CPU
	EndGlobalSection
	GlobalSection(SolutionProperties) = preSolution
		HideSolutionNode = FALSE
	EndGlobalSection
	GlobalSection(ProjectConfigurationPlatforms) = postSolution
		{E9EF8B20-DF10-4184-AF53-F762CF1C37A5}.Debug|Any CPU.ActiveCfg = Debug|Any CPU
		{E9EF8B20-DF10-4184-AF53-F762CF1C37A5}.Debug|Any CPU.Build.0 = Debug|Any CPU
		{E9EF8B20-DF10-4184-AF53-F762CF1C37A5}.Release|Any CPU.ActiveCfg = Release|Any CPU
		{E9EF8B20-DF10-4184-AF53-F762CF1C37A5}.Release|Any CPU.Build.0 = Release|Any CPU
		{1ADC6974-7AB3-4225-8F0C-91CEB6F81376}.Debug|Any CPU.ActiveCfg = Debug|Any CPU
		{1ADC6974-7AB3-4225-8F0C-91CEB6F81376}.Debug|Any CPU.Build.0 = Debug|Any CPU
		{1ADC6974-7AB3-4225-8F0C-91CEB6F81376}.Release|Any CPU.ActiveCfg = Release|Any CPU
		{1ADC6974-7AB3-4225-8F0C-91CEB6F81376}.Release|Any CPU.Build.0 = Release|Any CPU
		{1D4A2906-E559-46C8-A42D-556EBB209699}.Debug|Any CPU.ActiveCfg = Debug|Any CPU
		{1D4A2906-E559-46C8-A42D-556EBB209699}.Debug|Any CPU.Build.0 = Debug|Any CPU
		{1D4A2906-E559-46C8-A42D-556EBB209699}.Release|Any CPU.ActiveCfg = Release|Any CPU
		{1D4A2906-E559-46C8-A42D-556EBB209699}.Release|Any CPU.Build.0 = Release|Any CPU
		{AE3BD96E-EBDB-4E3A-BA92-3D88CC916139}.Debug|Any CPU.ActiveCfg = Debug|Any CPU
		{AE3BD96E-EBDB-4E3A-BA92-3D88CC916139}.Debug|Any CPU.Build.0 = Debug|Any CPU
		{AE3BD96E-EBDB-4E3A-BA92-3D88CC916139}.Release|Any CPU.ActiveCfg = Release|Any CPU
		{AE3BD96E-EBDB-4E3A-BA92-3D88CC916139}.Release|Any CPU.Build.0 = Release|Any CPU
		{AD2C1A6E-90A7-46A5-92FE-A54C115DE457}.Debug|Any CPU.ActiveCfg = Debug|Any CPU
		{AD2C1A6E-90A7-46A5-92FE-A54C115DE457}.Debug|Any CPU.Build.0 = Debug|Any CPU
		{AD2C1A6E-90A7-46A5-92FE-A54C115DE457}.Release|Any CPU.ActiveCfg = Release|Any CPU
		{AD2C1A6E-90A7-46A5-92FE-A54C115DE457}.Release|Any CPU.Build.0 = Release|Any CPU
		{70DDB044-F801-4FE7-8F7B-83B516F2EC77}.Debug|Any CPU.ActiveCfg = Debug|Any CPU
		{70DDB044-F801-4FE7-8F7B-83B516F2EC77}.Debug|Any CPU.Build.0 = Debug|Any CPU
		{70DDB044-F801-4FE7-8F7B-83B516F2EC77}.Release|Any CPU.ActiveCfg = Release|Any CPU
		{70DDB044-F801-4FE7-8F7B-83B516F2EC77}.Release|Any CPU.Build.0 = Release|Any CPU
		{9CBD1E96-19FB-4347-8DDE-D6B301D3BAE3}.Debug|Any CPU.ActiveCfg = Debug|Any CPU
		{9CBD1E96-19FB-4347-8DDE-D6B301D3BAE3}.Debug|Any CPU.Build.0 = Debug|Any CPU
		{9CBD1E96-19FB-4347-8DDE-D6B301D3BAE3}.Release|Any CPU.ActiveCfg = Release|Any CPU
		{9CBD1E96-19FB-4347-8DDE-D6B301D3BAE3}.Release|Any CPU.Build.0 = Release|Any CPU
		{0B43743F-A1A0-4E3F-B884-CC06DF84E8C0}.Debug|Any CPU.ActiveCfg = Debug|Any CPU
		{0B43743F-A1A0-4E3F-B884-CC06DF84E8C0}.Debug|Any CPU.Build.0 = Debug|Any CPU
		{0B43743F-A1A0-4E3F-B884-CC06DF84E8C0}.Release|Any CPU.ActiveCfg = Release|Any CPU
		{0B43743F-A1A0-4E3F-B884-CC06DF84E8C0}.Release|Any CPU.Build.0 = Release|Any CPU
		{39DBD73C-C9FE-4A7C-B639-14CD04FFAD61}.Debug|Any CPU.ActiveCfg = Debug|Any CPU
		{39DBD73C-C9FE-4A7C-B639-14CD04FFAD61}.Debug|Any CPU.Build.0 = Debug|Any CPU
		{39DBD73C-C9FE-4A7C-B639-14CD04FFAD61}.Release|Any CPU.ActiveCfg = Release|Any CPU
		{39DBD73C-C9FE-4A7C-B639-14CD04FFAD61}.Release|Any CPU.Build.0 = Release|Any CPU
		{6618AEBF-3FF2-48C8-9D7E-850BE093D798}.Debug|Any CPU.ActiveCfg = Debug|Any CPU
		{6618AEBF-3FF2-48C8-9D7E-850BE093D798}.Debug|Any CPU.Build.0 = Debug|Any CPU
		{6618AEBF-3FF2-48C8-9D7E-850BE093D798}.Release|Any CPU.ActiveCfg = Release|Any CPU
		{6618AEBF-3FF2-48C8-9D7E-850BE093D798}.Release|Any CPU.Build.0 = Release|Any CPU
		{DFC9B9AF-F0A2-4E6D-8ED0-585EF06A359C}.Debug|Any CPU.ActiveCfg = Debug|Any CPU
		{DFC9B9AF-F0A2-4E6D-8ED0-585EF06A359C}.Debug|Any CPU.Build.0 = Debug|Any CPU
		{DFC9B9AF-F0A2-4E6D-8ED0-585EF06A359C}.Release|Any CPU.ActiveCfg = Release|Any CPU
		{DFC9B9AF-F0A2-4E6D-8ED0-585EF06A359C}.Release|Any CPU.Build.0 = Release|Any CPU
		{A88239D3-F0A0-4598-8DE5-BDD87CEE1A3B}.Debug|Any CPU.ActiveCfg = Debug|Any CPU
		{A88239D3-F0A0-4598-8DE5-BDD87CEE1A3B}.Debug|Any CPU.Build.0 = Debug|Any CPU
		{A88239D3-F0A0-4598-8DE5-BDD87CEE1A3B}.Release|Any CPU.ActiveCfg = Release|Any CPU
		{A88239D3-F0A0-4598-8DE5-BDD87CEE1A3B}.Release|Any CPU.Build.0 = Release|Any CPU
		{3192D131-CEE2-41CD-9DDA-84B58020D9CB}.Debug|Any CPU.ActiveCfg = Debug|Any CPU
		{3192D131-CEE2-41CD-9DDA-84B58020D9CB}.Debug|Any CPU.Build.0 = Debug|Any CPU
		{3192D131-CEE2-41CD-9DDA-84B58020D9CB}.Release|Any CPU.ActiveCfg = Release|Any CPU
		{3192D131-CEE2-41CD-9DDA-84B58020D9CB}.Release|Any CPU.Build.0 = Release|Any CPU
		{F5381C4E-E969-418B-BE8C-7CCB1FA56637}.Debug|Any CPU.ActiveCfg = Debug|Any CPU
		{F5381C4E-E969-418B-BE8C-7CCB1FA56637}.Debug|Any CPU.Build.0 = Debug|Any CPU
		{F5381C4E-E969-418B-BE8C-7CCB1FA56637}.Release|Any CPU.ActiveCfg = Release|Any CPU
		{F5381C4E-E969-418B-BE8C-7CCB1FA56637}.Release|Any CPU.Build.0 = Release|Any CPU
		{7223BBCB-E878-425B-80E4-C980DD492433}.Debug|Any CPU.ActiveCfg = Debug|Any CPU
		{7223BBCB-E878-425B-80E4-C980DD492433}.Debug|Any CPU.Build.0 = Debug|Any CPU
		{7223BBCB-E878-425B-80E4-C980DD492433}.Release|Any CPU.ActiveCfg = Release|Any CPU
		{7223BBCB-E878-425B-80E4-C980DD492433}.Release|Any CPU.Build.0 = Release|Any CPU
	EndGlobalSection
	GlobalSection(NestedProjects) = preSolution
		{A88239D3-F0A0-4598-8DE5-BDD87CEE1A3B} = {596C6B3F-BD45-47C5-9CA0-F762F10FC5AE}
		{6618AEBF-3FF2-48C8-9D7E-850BE093D798} = {596C6B3F-BD45-47C5-9CA0-F762F10FC5AE}
		{DFC9B9AF-F0A2-4E6D-8ED0-585EF06A359C} = {596C6B3F-BD45-47C5-9CA0-F762F10FC5AE}
		{3192D131-CEE2-41CD-9DDA-84B58020D9CB} = {596C6B3F-BD45-47C5-9CA0-F762F10FC5AE}
		{F5381C4E-E969-418B-BE8C-7CCB1FA56637} = {596C6B3F-BD45-47C5-9CA0-F762F10FC5AE}
		{7223BBCB-E878-425B-80E4-C980DD492433} = {596C6B3F-BD45-47C5-9CA0-F762F10FC5AE}
	EndGlobalSection
EndGlobal
